<Solution>
  <Folder Name="/src/" />
  <Folder Name="/src/Core/">
    <Project Path="src/Core/CommerceCore.Application/CommerceCore.Application.csproj" />
    <Project Path="src/Core/CommerceCore.Domain/CommerceCore.Domain.csproj" />
  </Folder>
  <Folder Name="/src/Infrastructure/">
    <Project Path="src/Infrastructure/CommerceCore.Infrastructure/CommerceCore.Infrastructure.csproj" />
    <Project Path="src/Infrastructure/CommerceCore.Persistence/CommerceCore.Persistence.csproj" />
  </Folder>
  <Folder Name="/src/Modules/" />
  <Folder Name="/src/Modules/Catalog/">
    <Project Path="src/Modules/Catalog/CommerceCore.Modules.Catalog.Application/CommerceCore.Modules.Catalog.Application.csproj" />
    <Project Path="src/Modules/Catalog/CommerceCore.Modules.Catalog.Domain/CommerceCore.Modules.Catalog.Domain.csproj" />
  </Folder>
  <Folder Name="/src/Platform/">
    <Project Path="src/Platform/CommerceCore.Platform.Contracts/CommerceCore.Platform.Contracts.csproj" />
    <Project Path="src/Platform/CommerceCore.Platform.ControlPlane/CommerceCore.Platform.ControlPlane.csproj" />
    <Project Path="src/Platform/CommerceCore.Platform.Identity/CommerceCore.Platform.Identity.csproj" />
  </Folder>
  <Folder Name="/src/Presentation/">
    <Project Path="src/Presentation/CommerceCore.Api/CommerceCore.Api.csproj" />
  </Folder>
  <Folder Name="/tests/">
    <Project Path="tests/CommerceCore.Api.UnitTests/CommerceCore.Api.UnitTests.csproj" />
    <Project Path="tests/CommerceCore.ArchitectureTests/CommerceCore.ArchitectureTests.csproj" />
    <Project Path="tests/CommerceCore.Domain.UnitTests/CommerceCore.Domain.UnitTests.csproj" />
    <Project Path="tests/CommerceCore.Persistence.IntegrationTests/CommerceCore.Persistence.IntegrationTests.csproj" />
  </Folder>
  <Folder Name="/tools/">
    <Project Path="tools/CommerceCore.Bootstrap/CommerceCore.Bootstrap.csproj" />
  </Folder>
</Solution>
